
Microsoft Visual Studio Solution File, Format Version 12.00
# Visual Studio Version 17
VisualStudioVersion = 17.11.35303.130
MinimumVisualStudioVersion = 10.0.40219.1
Project("{FAE04EC0-301F-11D3-BF4B-00C04F79EFBC}") = "LoginE-CACGov", "LoginE-CACGov.csproj", "{0FD66557-D562-4C03-AC4F-B62BAD2FEDC0}"
EndProject
Global
	GlobalSection(SolutionConfigurationPlatforms) = preSolution
		Debug|Any CPU = Debug|Any CPU
		Release|Any CPU = Release|Any CPU
	EndGlobalSection
	GlobalSection(ProjectConfigurationPlatforms) = postSolution
		{0FD66557-D562-4C03-AC4F-B62BAD2FEDC0}.Debug|Any CPU.ActiveCfg = Debug|Any CPU
		{0FD66557-D562-4C03-AC4F-B62BAD2FEDC0}.Debug|Any CPU.Build.0 = Debug|Any CPU
		{0FD66557-D562-4C03-AC4F-B62BAD2FEDC0}.Release|Any CPU.ActiveCfg = Release|Any CPU
		{0FD66557-D562-4C03-AC4F-B62BAD2FEDC0}.Release|Any CPU.Build.0 = Release|Any CPU
	EndGlobalSection
	GlobalSection(SolutionProperties) = preSolution
		HideSolutionNode = FALSE
	EndGlobalSection
	GlobalSection(ExtensibilityGlobals) = postSolution
		SolutionGuid = {D6F9BA3E-7C95-442E-BF9F-84572EDAA30D}
	EndGlobalSection
EndGlobal
